{
  "pins" : [
    {
      "identity" : "ararchivekit",
      "kind" : "remoteSourceControl",
      "location" : "https://github.com/LebJe/ArArchiveKit",
      "state" : {
        "revision" : "ec33ce8bcb0be483e80ed49c95413e64e71e157b",
        "version" : "0.3.0"
      }
    },
    {
      "identity" : "bitbytedata",
      "kind" : "remoteSourceControl",
      "location" : "https://github.com/tsolomko/BitByteData",
      "state" : {
        "revision" : "e1a5443be67daf0833cbb5f4fa3a06a265ca3105",
        "version" : "2.1.0"
      }
    },
    {
      "identity" : "swcompression",
      "kind" : "remoteSourceControl",
      "location" : "https://github.com/tsolomko/SWCompression",
      "state" : {
        "revision" : "03a68e67991815a267e28174a0a01fbe0cff937b",
        "version" : "4.9.1"
      }
    },
    {
      "identity" : "zip",
      "kind" : "remoteSourceControl",
      "location" : "https://github.com/marmelroy/Zip",
      "state" : {
        "revision" : "67fa55813b9e7b3b9acee9c0ae501def28746d76",
        "version" : "2.1.2"
      }
    }
  ],
  "version" : 2
}
