{
  "pins" : [
    {
      "identity" : "ararchivekit",
      "kind" : "remoteSourceControl",
      "location" : "https://github.com/LebJe/ArArchiveKit",
      "state" : {
        "revision" : "ec33ce8bcb0be483e80ed49c95413e64e71e157b",
        "version" : "0.3.0"
      }
    },
    {
      "identity" : "bitbytedata",
      "kind" : "remoteSourceControl",
      "location" : "https://github.com/tsolomko/BitByteData",
      "state" : {
        "revision" : "cdcdc5177ad536cfb11b95c620f926a81014b7fe",
        "version" : "2.0.4"
      }
    },
    {
      "identity" : "swcompression",
      "kind" : "remoteSourceControl",
      "location" : "https://github.com/tsolomko/SWCompression",
      "state" : {
        "revision" : "b0b560e4c65e080841fc72b9071ac17595efb4d4",
        "version" : "4.8.7"
      }
    },
    {
      "identity" : "zip",
      "kind" : "remoteSourceControl",
      "location" : "https://github.com/marmelroy/Zip",
      "state" : {
        "revision" : "67fa55813b9e7b3b9acee9c0ae501def28746d76",
        "version" : "2.1.2"
      }
    }
  ],
  "version" : 2
}
